
Microsoft Visual Studio Solution File, Format Version 12.00
# Visual Studio 15
VisualStudioVersion = 15.0.28010.2019
MinimumVisualStudioVersion = 10.0.40219.1
Project("{FAE04EC0-301F-11D3-BF4B-00C04F79EFBC}") = "X", "X\X.csproj", "{CE0F8238-2DF5-44FA-91D3-E7EF6E2F1379}"
EndProject
Project("{2150E333-8FDC-42A3-9474-1A3956D46DE8}") = "Test", "Test", "{68BEC3C0-213D-4143-BAD5-6367B36F6895}"
EndProject
Project("{FAE04EC0-301F-11D3-BF4B-00C04F79EFBC}") = "WebapiServer", "Test\WebapiServer\WebapiServer.csproj", "{3261EC68-9A13-4CF6-8FC4-410EC209CCD2}"
EndProject
Project("{FAE04EC0-301F-11D3-BF4B-00C04F79EFBC}") = "WebapiClient", "Test\WebapiClient\WebapiClient.csproj", "{389BBBAA-7824-4733-8FBC-15304460615C}"
EndProject
Global
	GlobalSection(SolutionConfigurationPlatforms) = preSolution
		Debug|Any CPU = Debug|Any CPU
		Release|Any CPU = Release|Any CPU
	EndGlobalSection
	GlobalSection(ProjectConfigurationPlatforms) = postSolution
		{CE0F8238-2DF5-44FA-91D3-E7EF6E2F1379}.Debug|Any CPU.ActiveCfg = Debug|Any CPU
		{CE0F8238-2DF5-44FA-91D3-E7EF6E2F1379}.Debug|Any CPU.Build.0 = Debug|Any CPU
		{CE0F8238-2DF5-44FA-91D3-E7EF6E2F1379}.Release|Any CPU.ActiveCfg = Release|Any CPU
		{CE0F8238-2DF5-44FA-91D3-E7EF6E2F1379}.Release|Any CPU.Build.0 = Release|Any CPU
		{3261EC68-9A13-4CF6-8FC4-410EC209CCD2}.Debug|Any CPU.ActiveCfg = Debug|Any CPU
		{3261EC68-9A13-4CF6-8FC4-410EC209CCD2}.Debug|Any CPU.Build.0 = Debug|Any CPU
		{3261EC68-9A13-4CF6-8FC4-410EC209CCD2}.Release|Any CPU.ActiveCfg = Release|Any CPU
		{3261EC68-9A13-4CF6-8FC4-410EC209CCD2}.Release|Any CPU.Build.0 = Release|Any CPU
		{389BBBAA-7824-4733-8FBC-15304460615C}.Debug|Any CPU.ActiveCfg = Debug|Any CPU
		{389BBBAA-7824-4733-8FBC-15304460615C}.Debug|Any CPU.Build.0 = Debug|Any CPU
		{389BBBAA-7824-4733-8FBC-15304460615C}.Release|Any CPU.ActiveCfg = Release|Any CPU
		{389BBBAA-7824-4733-8FBC-15304460615C}.Release|Any CPU.Build.0 = Release|Any CPU
	EndGlobalSection
	GlobalSection(SolutionProperties) = preSolution
		HideSolutionNode = FALSE
	EndGlobalSection
	GlobalSection(NestedProjects) = preSolution
		{3261EC68-9A13-4CF6-8FC4-410EC209CCD2} = {68BEC3C0-213D-4143-BAD5-6367B36F6895}
		{389BBBAA-7824-4733-8FBC-15304460615C} = {68BEC3C0-213D-4143-BAD5-6367B36F6895}
	EndGlobalSection
	GlobalSection(ExtensibilityGlobals) = postSolution
		SolutionGuid = {9CB8F317-3AF9-484D-B515-4954989BB2BC}
	EndGlobalSection
EndGlobal
